
Microsoft Visual Studio Solution File, Format Version 12.00
# Visual Studio 15
VisualStudioVersion = 15.0.34031.82
MinimumVisualStudioVersion = 10.0.40219.1
Project("{FAE04EC0-301F-11D3-BF4B-00C04F79EFBC}") = "Hostel(HomeWork)", "Hostel(HomeWork)\Hostel(HomeWork).csproj", "{DE8B98BD-E779-4271-89AC-50E3BB3CC7AA}"
EndProject
Global
	GlobalSection(SolutionConfigurationPlatforms) = preSolution
		Debug|Any CPU = Debug|Any CPU
		Release|Any CPU = Release|Any CPU
	EndGlobalSection
	GlobalSection(ProjectConfigurationPlatforms) = postSolution
		{DE8B98BD-E779-4271-89AC-50E3BB3CC7AA}.Debug|Any CPU.ActiveCfg = Debug|Any CPU
		{DE8B98BD-E779-4271-89AC-50E3BB3CC7AA}.Debug|Any CPU.Build.0 = Debug|Any CPU
		{DE8B98BD-E779-4271-89AC-50E3BB3CC7AA}.Release|Any CPU.ActiveCfg = Release|Any CPU
		{DE8B98BD-E779-4271-89AC-50E3BB3CC7AA}.Release|Any CPU.Build.0 = Release|Any CPU
	EndGlobalSection
	GlobalSection(SolutionProperties) = preSolution
		HideSolutionNode = FALSE
	EndGlobalSection
	GlobalSection(ExtensibilityGlobals) = postSolution
		SolutionGuid = {C1868495-2E7D-43A0-B52B-239DE17041B7}
	EndGlobalSection
EndGlobal
